
Microsoft Visual Studio Solution File, Format Version 12.00
# Visual Studio 2015
Project("{FAE04EC0-301F-11D3-BF4B-00C04F79EFBC}") = "2D Sandbox.CSharp", "2D Sandbox.CSharp.csproj", "{8CAAE0A6-069C-119D-71B8-DFF1E6530256}"
EndProject
Global
	GlobalSection(SolutionConfigurationPlatforms) = preSolution
		Debug|Any CPU = Debug|Any CPU
		Release|Any CPU = Release|Any CPU
	EndGlobalSection
	GlobalSection(ProjectConfigurationPlatforms) = postSolution
		{8CAAE0A6-069C-119D-71B8-DFF1E6530256}.Debug|Any CPU.ActiveCfg = Debug|Any CPU
		{8CAAE0A6-069C-119D-71B8-DFF1E6530256}.Debug|Any CPU.Build.0 = Debug|Any CPU
		{8CAAE0A6-069C-119D-71B8-DFF1E6530256}.Release|Any CPU.ActiveCfg = Release|Any CPU
		{8CAAE0A6-069C-119D-71B8-DFF1E6530256}.Release|Any CPU.Build.0 = Release|Any CPU
	EndGlobalSection
	GlobalSection(SolutionProperties) = preSolution
		HideSolutionNode = FALSE
	EndGlobalSection
EndGlobal
